
Microsoft Visual Studio Solution File, Format Version 12.00
# Visual Studio Version 17
VisualStudioVersion = 17.8.34330.188
MinimumVisualStudioVersion = 10.0.40219.1
Project("{FAE04EC0-301F-11D3-BF4B-00C04F79EFBC}") = "Pindorama-Backend", "Pindorama-Backend\Pindorama-Backend.csproj", "{400F9637-E6C3-44C2-B52A-64178EB6DC4B}"
EndProject
Global
	GlobalSection(SolutionConfigurationPlatforms) = preSolution
		Debug|Any CPU = Debug|Any CPU
		Release|Any CPU = Release|Any CPU
	EndGlobalSection
	GlobalSection(ProjectConfigurationPlatforms) = postSolution
		{400F9637-E6C3-44C2-B52A-64178EB6DC4B}.Debug|Any CPU.ActiveCfg = Debug|Any CPU
		{400F9637-E6C3-44C2-B52A-64178EB6DC4B}.Debug|Any CPU.Build.0 = Debug|Any CPU
		{400F9637-E6C3-44C2-B52A-64178EB6DC4B}.Release|Any CPU.ActiveCfg = Release|Any CPU
		{400F9637-E6C3-44C2-B52A-64178EB6DC4B}.Release|Any CPU.Build.0 = Release|Any CPU
	EndGlobalSection
	GlobalSection(SolutionProperties) = preSolution
		HideSolutionNode = FALSE
	EndGlobalSection
	GlobalSection(ExtensibilityGlobals) = postSolution
		SolutionGuid = {B8028E4A-81AC-464A-89A7-F0B0A8E56515}
	EndGlobalSection
EndGlobal
